// !$*UTF8*$!
{
	archiveVersion = 1;
	classes = {
	};
	objectVersion = 48;
	objects = {

/* Begin PBXBuildFile section */
		18AE64441FC7FE91005FF775 /* AppDelegate.m in Sources */ = {isa = PBXBuildFile; fileRef = 18AE64431FC7FE91005FF775 /* AppDelegate.m */; };
		18AE64471FC7FE91005FF775 /* ViewController.m in Sources */ = {isa = PBXBuildFile; fileRef = 18AE64461FC7FE91005FF775 /* ViewController.m */; };
		18AE644A1FC7FE91005FF775 /* Main.storyboard in Resources */ = {isa = PBXBuildFile; fileRef = 18AE64481FC7FE91005FF775 /* Main.storyboard */; };
		18AE644C1FC7FE91005FF775 /* Assets.xcassets in Resources */ = {isa = PBXBuildFile; fileRef = 18AE644B1FC7FE91005FF775 /* Assets.xcassets */; };
		18AE644F1FC7FE91005FF775 /* LaunchScreen.storyboard in Resources */ = {isa = PBXBuildFile; fileRef = 18AE644D1FC7FE91005FF775 /* LaunchScreen.storyboard */; };
		18AE64521FC7FE91005FF775 /* main.m in Sources */ = {isa = PBXBuildFile; fileRef = 18AE64511FC7FE91005FF775 /* main.m */; };
		18AE645A1FC7FEB2005FF775 /* SocketRocketUtility.m in Sources */ = {isa = PBXBuildFile; fileRef = 18AE64591FC7FEB2005FF775 /* SocketRocketUtility.m */; };
		B36B8010E5FE05B573949511 /* libPods-WebSocketDemo.a in Frameworks */ = {isa = PBXBuildFile; fileRef = 9C288FC03DCE0DF40457C01D /* libPods-WebSocketDemo.a */; };
/* End PBXBuildFile section */

/* Begin PBXFileReference section */
		185CCCB8AD72560859374EC1 /* Pods-WebSocketDemo.release.xcconfig */ = {isa = PBXFileReference; includeInIndex = 1; lastKnownFileType = text.xcconfig; name = "Pods-WebSocketDemo.release.xcconfig"; path = "Pods/Target Support Files/Pods-WebSocketDemo/Pods-WebSocketDemo.release.xcconfig"; sourceTree = "<group>"; };
		18AE643F1FC7FE91005FF775 /* WebSocketDemo.app */ = {isa = PBXFileReference; explicitFileType = wrapper.application; includeInIndex = 0; path = WebSocketDemo.app; sourceTree = BUILT_PRODUCTS_DIR; };
		18AE64421FC7FE91005FF775 /* AppDelegate.h */ = {isa = PBXFileReference; lastKnownFileType = sourcecode.c.h; path = AppDelegate.h; sourceTree = "<group>"; };
		18AE64431FC7FE91005FF775 /* AppDelegate.m */ = {isa = PBXFileReference; lastKnownFileType = sourcecode.c.objc; path = AppDelegate.m; sourceTree = "<group>"; };
		18AE64451FC7FE91005FF775 /* ViewController.h */ = {isa = PBXFileReference; lastKnownFileType = sourcecode.c.h; path = ViewController.h; sourceTree = "<group>"; };
		18AE64461FC7FE91005FF775 /* ViewController.m */ = {isa = PBXFileReference; lastKnownFileType = sourcecode.c.objc; path = ViewController.m; sourceTree = "<group>"; };
		18AE64491FC7FE91005FF775 /* Base */ = {isa = PBXFileReference; lastKnownFileType = file.storyboard; name = Base; path = Base.lproj/Main.storyboard; sourceTree = "<group>"; };
		18AE644B1FC7FE91005FF775 /* Assets.xcassets */ = {isa = PBXFileReference; lastKnownFileType = folder.assetcatalog; path = Assets.xcassets; sourceTree = "<group>"; };
		18AE644E1FC7FE91005FF775 /* Base */ = {isa = PBXFileReference; lastKnownFileType = file.storyboard; name = Base; path = Base.lproj/LaunchScreen.storyboard; sourceTree = "<group>"; };
		18AE64501FC7FE91005FF775 /* Info.plist */ = {isa = PBXFileReference; lastKnownFileType = text.plist.xml; path = Info.plist; sourceTree = "<group>"; };
		18AE64511FC7FE91005FF775 /* main.m */ = {isa = PBXFileReference; lastKnownFileType = sourcecode.c.objc; path = main.m; sourceTree = "<group>"; };
		18AE64581FC7FEB2005FF775 /* SocketRocketUtility.h */ = {isa = PBXFileReference; fileEncoding = 4; lastKnownFileType = sourcecode.c.h; path = SocketRocketUtility.h; sourceTree = "<group>"; };
		18AE64591FC7FEB2005FF775 /* SocketRocketUtility.m */ = {isa = PBXFileReference; fileEncoding = 4; lastKnownFileType = sourcecode.c.objc; path = SocketRocketUtility.m; sourceTree = "<group>"; };
		5571B7B8730A8BE745B326A4 /* Pods-WebSocketDemo.debug.xcconfig */ = {isa = PBXFileReference; includeInIndex = 1; lastKnownFileType = text.xcconfig; name = "Pods-WebSocketDemo.debug.xcconfig"; path = "Pods/Target Support Files/Pods-WebSocketDemo/Pods-WebSocketDemo.debug.xcconfig"; sourceTree = "<group>"; };
		9C288FC03DCE0DF40457C01D /* libPods-WebSocketDemo.a */ = {isa = PBXFileReference; explicitFileType = archive.ar; includeInIndex = 0; path = "libPods-WebSocketDemo.a"; sourceTree = BUILT_PRODUCTS_DIR; };
/* End PBXFileReference section */

/* Begin PBXFrameworksBuildPhase section */
		18AE643C1FC7FE91005FF775 /* Frameworks */ = {
			isa = PBXFrameworksBuildPhase;
			buildActionMask = 2147483647;
			files = (
				B36B8010E5FE05B573949511 /* libPods-WebSocketDemo.a in Frameworks */,
			);
			runOnlyForDeploymentPostprocessing = 0;
		};
/* End PBXFrameworksBuildPhase section */

/* Begin PBXGroup section */
		18AE64361FC7FE91005FF775 = {
			isa = PBXGroup;
			children = (
				18AE64411FC7FE91005FF775 /* WebSocketDemo */,
				18AE64401FC7FE91005FF775 /* Products */,
				D892BD62418F193003E428D7 /* Pods */,
				71174EE063D74378552F86FA /* Frameworks */,
			);
			sourceTree = "<group>";
		};
		18AE64401FC7FE91005FF775 /* Products */ = {
			isa = PBXGroup;
			children = (
				18AE643F1FC7FE91005FF775 /* WebSocketDemo.app */,
			);
			name = Products;
			sourceTree = "<group>";
		};
		18AE64411FC7FE91005FF775 /* WebSocketDemo */ = {
			isa = PBXGroup;
			children = (
				18AE64421FC7FE91005FF775 /* AppDelegate.h */,
				18AE64431FC7FE91005FF775 /* AppDelegate.m */,
				18AE64451FC7FE91005FF775 /* ViewController.h */,
				18AE64461FC7FE91005FF775 /* ViewController.m */,
				18AE64581FC7FEB2005FF775 /* SocketRocketUtility.h */,
				18AE64591FC7FEB2005FF775 /* SocketRocketUtility.m */,
				18AE64481FC7FE91005FF775 /* Main.storyboard */,
				18AE644B1FC7FE91005FF775 /* Assets.xcassets */,
				18AE644D1FC7FE91005FF775 /* LaunchScreen.storyboard */,
				18AE64501FC7FE91005FF775 /* Info.plist */,
				18AE64511FC7FE91005FF775 /* main.m */,
			);
			path = WebSocketDemo;
			sourceTree = "<group>";
		};
		71174EE063D74378552F86FA /* Frameworks */ = {
			isa = PBXGroup;
			children = (
				9C288FC03DCE0DF40457C01D /* libPods-WebSocketDemo.a */,
			);
			name = Frameworks;
			sourceTree = "<group>";
		};
		D892BD62418F193003E428D7 /* Pods */ = {
			isa = PBXGroup;
			children = (
				5571B7B8730A8BE745B326A4 /* Pods-WebSocketDemo.debug.xcconfig */,
				185CCCB8AD72560859374EC1 /* Pods-WebSocketDemo.release.xcconfig */,
			);
			name = Pods;
			sourceTree = "<group>";
		};
/* End PBXGroup section */

/* Begin PBXNativeTarget section */
		18AE643E1FC7FE91005FF775 /* WebSocketDemo */ = {
			isa = PBXNativeTarget;
			buildConfigurationList = 18AE64551FC7FE91005FF775 /* Build configuration list for PBXNativeTarget "WebSocketDemo" */;
			buildPhases = (
				AA9004D79A3FA6A3F5FDEAC5 /* [CP] Check Pods Manifest.lock */,
				18AE643B1FC7FE91005FF775 /* Sources */,
				18AE643C1FC7FE91005FF775 /* Frameworks */,
				18AE643D1FC7FE91005FF775 /* Resources */,
				B19BE1D4E2C253E09A76A5D9 /* [CP] Embed Pods Frameworks */,
				3F6AF749D3313C795B84149D /* [CP] Copy Pods Resources */,
			);
			buildRules = (
			);
			dependencies = (
			);
			name = WebSocketDemo;
			productName = WebSocketDemo;
			productReference = 18AE643F1FC7FE91005FF775 /* WebSocketDemo.app */;
			productType = "com.apple.product-type.application";
		};
/* End PBXNativeTarget section */

/* Begin PBXProject section */
		18AE64371FC7FE91005FF775 /* Project object */ = {
			isa = PBXProject;
			attributes = {
				LastUpgradeCheck = 0910;
				ORGANIZATIONNAME = ACJT;
				TargetAttributes = {
					18AE643E1FC7FE91005FF775 = {
						CreatedOnToolsVersion = 9.1;
						ProvisioningStyle = Automatic;
					};
				};
			};
			buildConfigurationList = 18AE643A1FC7FE91005FF775 /* Build configuration list for PBXProject "WebSocketDemo" */;
			compatibilityVersion = "Xcode 8.0";
			developmentRegion = en;
			hasScannedForEncodings = 0;
			knownRegions = (
				en,
				Base,
			);
			mainGroup = 18AE64361FC7FE91005FF775;
			productRefGroup = 18AE64401FC7FE91005FF775 /* Products */;
			projectDirPath = "";
			projectRoot = "";
			targets = (
				18AE643E1FC7FE91005FF775 /* WebSocketDemo */,
			);
		};
/* End PBXProject section */

/* Begin PBXResourcesBuildPhase section */
		18AE643D1FC7FE91005FF775 /* Resources */ = {
			isa = PBXResourcesBuildPhase;
			buildActionMask = 2147483647;
			files = (
				18AE644F1FC7FE91005FF775 /* LaunchScreen.storyboard in Resources */,
				18AE644C1FC7FE91005FF775 /* Assets.xcassets in Resources */,
				18AE644A1FC7FE91005FF775 /* Main.storyboard in Resources */,
			);
			runOnlyForDeploymentPostprocessing = 0;
		};
/* End PBXResourcesBuildPhase section */

/* Begin PBXShellScriptBuildPhase section */
		3F6AF749D3313C795B84149D /* [CP] Copy Pods Resources */ = {
			isa = PBXShellScriptBuildPhase;
			buildActionMask = 2147483647;
			files = (
			);
			inputPaths = (
			);
			name = "[CP] Copy Pods Resources";
			outputPaths = (
			);
			runOnlyForDeploymentPostprocessing = 0;
			shellPath = /bin/sh;
			shellScript = "\"${SRCROOT}/Pods/Target Support Files/Pods-WebSocketDemo/Pods-WebSocketDemo-resources.sh\"\n";
			showEnvVarsInLog = 0;
		};
		AA9004D79A3FA6A3F5FDEAC5 /* [CP] Check Pods Manifest.lock */ = {
			isa = PBXShellScriptBuildPhase;
			buildActionMask = 2147483647;
			files = (
			);
			inputPaths = (
				"${PODS_PODFILE_DIR_PATH}/Podfile.lock",
				"${PODS_ROOT}/Manifest.lock",
			);
			name = "[CP] Check Pods Manifest.lock";
			outputPaths = (
				"$(DERIVED_FILE_DIR)/Pods-WebSocketDemo-checkManifestLockResult.txt",
			);
			runOnlyForDeploymentPostprocessing = 0;
			shellPath = /bin/sh;
			shellScript = "diff \"${PODS_PODFILE_DIR_PATH}/Podfile.lock\" \"${PODS_ROOT}/Manifest.lock\" > /dev/null\nif [ $? != 0 ] ; then\n    # print error to STDERR\n    echo \"error: The sandbox is not in sync with the Podfile.lock. Run 'pod install' or update your CocoaPods installation.\" >&2\n    exit 1\nfi\n# This output is used by Xcode 'outputs' to avoid re-running this script phase.\necho \"SUCCESS\" > \"${SCRIPT_OUTPUT_FILE_0}\"\n";
			showEnvVarsInLog = 0;
		};
		B19BE1D4E2C253E09A76A5D9 /* [CP] Embed Pods Frameworks */ = {
			isa = PBXShellScriptBuildPhase;
			buildActionMask = 2147483647;
			files = (
			);
			inputPaths = (
			);
			name = "[CP] Embed Pods Frameworks";
			outputPaths = (
			);
			runOnlyForDeploymentPostprocessing = 0;
			shellPath = /bin/sh;
			shellScript = "\"${SRCROOT}/Pods/Target Support Files/Pods-WebSocketDemo/Pods-WebSocketDemo-frameworks.sh\"\n";
			showEnvVarsInLog = 0;
		};
/* End PBXShellScriptBuildPhase section */

/* Begin PBXSourcesBuildPhase section */
		18AE643B1FC7FE91005FF775 /* Sources */ = {
			isa = PBXSourcesBuildPhase;
			buildActionMask = 2147483647;
			files = (
				18AE64471FC7FE91005FF775 /* ViewController.m in Sources */,
				18AE645A1FC7FEB2005FF775 /* SocketRocketUtility.m in Sources */,
				18AE64521FC7FE91005FF775 /* main.m in Sources */,
				18AE64441FC7FE91005FF775 /* AppDelegate.m in Sources */,
			);
			runOnlyForDeploymentPostprocessing = 0;
		};
/* End PBXSourcesBuildPhase section */

/* Begin PBXVariantGroup section */
		18AE64481FC7FE91005FF775 /* Main.storyboard */ = {
			isa = PBXVariantGroup;
			children = (
				18AE64491FC7FE91005FF775 /* Base */,
			);
			name = Main.storyboard;
			sourceTree = "<group>";
		};
		18AE644D1FC7FE91005FF775 /* LaunchScreen.storyboard */ = {
			isa = PBXVariantGroup;
			children = (
				18AE644E1FC7FE91005FF775 /* Base */,
			);
			name = LaunchScreen.storyboard;
			sourceTree = "<group>";
		};
/* End PBXVariantGroup section */

/* Begin XCBuildConfiguration section */
		18AE64531FC7FE91005FF775 /* Debug */ = {
			isa = XCBuildConfiguration;
			buildSettings = {
				ALWAYS_SEARCH_USER_PATHS = NO;
				CLANG_ANALYZER_NONNULL = YES;
				CLANG_ANALYZER_NUMBER_OBJECT_CONVERSION = YES_AGGRESSIVE;
				CLANG_CXX_LANGUAGE_STANDARD = "gnu++14";
				CLANG_CXX_LIBRARY = "libc++";
				CLANG_ENABLE_MODULES = YES;
				CLANG_ENABLE_OBJC_ARC = YES;
				CLANG_WARN_BLOCK_CAPTURE_AUTORELEASING = YES;
				CLANG_WARN_BOOL_CONVERSION = YES;
				CLANG_WARN_COMMA = YES;
				CLANG_WARN_CONSTANT_CONVERSION = YES;
				CLANG_WARN_DIRECT_OBJC_ISA_USAGE = YES_ERROR;
				CLANG_WARN_DOCUMENTATION_COMMENTS = YES;
				CLANG_WARN_EMPTY_BODY = YES;
				CLANG_WARN_ENUM_CONVERSION = YES;
				CLANG_WARN_INFINITE_RECURSION = YES;
				CLANG_WARN_INT_CONVERSION = YES;
				CLANG_WARN_NON_LITERAL_NULL_CONVERSION = YES;
				CLANG_WARN_OBJC_LITERAL_CONVERSION = YES;
				CLANG_WARN_OBJC_ROOT_CLASS = YES_ERROR;
				CLANG_WARN_RANGE_LOOP_ANALYSIS = YES;
				CLANG_WARN_STRICT_PROTOTYPES = YES;
				CLANG_WARN_SUSPICIOUS_MOVE = YES;
				CLANG_WARN_UNGUARDED_AVAILABILITY = YES_AGGRESSIVE;
				CLANG_WARN_UNREACHABLE_CODE = YES;
				CLANG_WARN__DUPLICATE_METHOD_MATCH = YES;
				CODE_SIGN_IDENTITY = "iPhone Developer";
				COPY_PHASE_STRIP = NO;
				DEBUG_INFORMATION_FORMAT = dwarf;
				ENABLE_STRICT_OBJC_MSGSEND = YES;
				ENABLE_TESTABILITY = YES;
				GCC_C_LANGUAGE_STANDARD = gnu11;
				GCC_DYNAMIC_NO_PIC = NO;
				GCC_NO_COMMON_BLOCKS = YES;
				GCC_OPTIMIZATION_LEVEL = 0;
				GCC_PREPROCESSOR_DEFINITIONS = (
					"DEBUG=1",
					"$(inherited)",
				);
				GCC_WARN_64_TO_32_BIT_CONVERSION = YES;
				GCC_WARN_ABOUT_RETURN_TYPE = YES_ERROR;
				GCC_WARN_UNDECLARED_SELECTOR = YES;
				GCC_WARN_UNINITIALIZED_AUTOS = YES_AGGRESSIVE;
				GCC_WARN_UNUSED_FUNCTION = YES;
				GCC_WARN_UNUSED_VARIABLE = YES;
				IPHONEOS_DEPLOYMENT_TARGET = 11.1;
				MTL_ENABLE_DEBUG_INFO = YES;
				ONLY_ACTIVE_ARCH = YES;
				SDKROOT = iphoneos;
			};
			name = Debug;
		};
		18AE64541FC7FE91005FF775 /* Release */ = {
			isa = XCBuildConfiguration;
			buildSettings = {
				ALWAYS_SEARCH_USER_PATHS = NO;
				CLANG_ANALYZER_NONNULL = YES;
				CLANG_ANALYZER_NUMBER_OBJECT_CONVERSION = YES_AGGRESSIVE;
				CLANG_CXX_LANGUAGE_STANDARD = "gnu++14";
				CLANG_CXX_LIBRARY = "libc++";
				CLANG_ENABLE_MODULES = YES;
				CLANG_ENABLE_OBJC_ARC = YES;
				CLANG_WARN_BLOCK_CAPTURE_AUTORELEASING = YES;
				CLANG_WARN_BOOL_CONVERSION = YES;
				CLANG_WARN_COMMA = YES;
				CLANG_WARN_CONSTANT_CONVERSION = YES;
				CLANG_WARN_DIRECT_OBJC_ISA_USAGE = YES_ERROR;
				CLANG_WARN_DOCUMENTATION_COMMENTS = YES;
				CLANG_WARN_EMPTY_BODY = YES;
				CLANG_WARN_ENUM_CONVERSION = YES;
				CLANG_WARN_INFINITE_RECURSION = YES;
				CLANG_WARN_INT_CONVERSION = YES;
				CLANG_WARN_NON_LITERAL_NULL_CONVERSION = YES;
				CLANG_WARN_OBJC_LITERAL_CONVERSION = YES;
				CLANG_WARN_OBJC_ROOT_CLASS = YES_ERROR;
				CLANG_WARN_RANGE_LOOP_ANALYSIS = YES;
				CLANG_WARN_STRICT_PROTOTYPES = YES;
				CLANG_WARN_SUSPICIOUS_MOVE = YES;
				CLANG_WARN_UNGUARDED_AVAILABILITY = YES_AGGRESSIVE;
				CLANG_WARN_UNREACHABLE_CODE = YES;
				CLANG_WARN__DUPLICATE_METHOD_MATCH = YES;
				CODE_SIGN_IDENTITY = "iPhone Developer";
				COPY_PHASE_STRIP = NO;
				DEBUG_INFORMATION_FORMAT = "dwarf-with-dsym";
				ENABLE_NS_ASSERTIONS = NO;
				ENABLE_STRICT_OBJC_MSGSEND = YES;
				GCC_C_LANGUAGE_STANDARD = gnu11;
				GCC_NO_COMMON_BLOCKS = YES;
				GCC_WARN_64_TO_32_BIT_CONVERSION = YES;
				GCC_WARN_ABOUT_RETURN_TYPE = YES_ERROR;
				GCC_WARN_UNDECLARED_SELECTOR = YES;
				GCC_WARN_UNINITIALIZED_AUTOS = YES_AGGRESSIVE;
				GCC_WARN_UNUSED_FUNCTION = YES;
				GCC_WARN_UNUSED_VARIABLE = YES;
				IPHONEOS_DEPLOYMENT_TARGET = 11.1;
				MTL_ENABLE_DEBUG_INFO = NO;
				SDKROOT = iphoneos;
				VALIDATE_PRODUCT = YES;
			};
			name = Release;
		};
		18AE64561FC7FE91005FF775 /* Debug */ = {
			isa = XCBuildConfiguration;
			baseConfigurationReference = 5571B7B8730A8BE745B326A4 /* Pods-WebSocketDemo.debug.xcconfig */;
			buildSettings = {
				ASSETCATALOG_COMPILER_APPICON_NAME = AppIcon;
				CODE_SIGN_STYLE = Automatic;
				DEVELOPMENT_TEAM = "";
				INFOPLIST_FILE = WebSocketDemo/Info.plist;
				LD_RUNPATH_SEARCH_PATHS = "$(inherited) @executable_path/Frameworks";
				PRODUCT_BUNDLE_IDENTIFIER = com.acjt.aycx.WebSocketDemo;
				PRODUCT_NAME = "$(TARGET_NAME)";
				TARGETED_DEVICE_FAMILY = "1,2";
			};
			name = Debug;
		};
		18AE64571FC7FE91005FF775 /* Release */ = {
			isa = XCBuildConfiguration;
			baseConfigurationReference = 185CCCB8AD72560859374EC1 /* Pods-WebSocketDemo.release.xcconfig */;
			buildSettings = {
				ASSETCATALOG_COMPILER_APPICON_NAME = AppIcon;
				CODE_SIGN_STYLE = Automatic;
				DEVELOPMENT_TEAM = "";
				INFOPLIST_FILE = WebSocketDemo/Info.plist;
				LD_RUNPATH_SEARCH_PATHS = "$(inherited) @executable_path/Frameworks";
				PRODUCT_BUNDLE_IDENTIFIER = com.acjt.aycx.WebSocketDemo;
				PRODUCT_NAME = "$(TARGET_NAME)";
				TARGETED_DEVICE_FAMILY = "1,2";
			};
			name = Release;
		};
/* End XCBuildConfiguration section */

/* Begin XCConfigurationList section */
		18AE643A1FC7FE91005FF775 /* Build configuration list for PBXProject "WebSocketDemo" */ = {
			isa = XCConfigurationList;
			buildConfigurations = (
				18AE64531FC7FE91005FF775 /* Debug */,
				18AE64541FC7FE91005FF775 /* Release */,
			);
			defaultConfigurationIsVisible = 0;
			defaultConfigurationName = Release;
		};
		18AE64551FC7FE91005FF775 /* Build configuration list for PBXNativeTarget "WebSocketDemo" */ = {
			isa = XCConfigurationList;
			buildConfigurations = (
				18AE64561FC7FE91005FF775 /* Debug */,
				18AE64571FC7FE91005FF775 /* Release */,
			);
			defaultConfigurationIsVisible = 0;
			defaultConfigurationName = Release;
		};
/* End XCConfigurationList section */
	};
	rootObject = 18AE64371FC7FE91005FF775 /* Project object */;
}
